// !$*UTF8*$!
{
	archiveVersion = 1;
	classes = {
	};
	objectVersion = 56;
	objects = {

/* Begin PBXBuildFile section */
		5E244EE22D47C52800F241A8 /* TabBarViewController.swift in Sources */ = {isa = PBXBuildFile; fileRef = 5E244EE12D47C52800F241A8 /* TabBarViewController.swift */; };
		5E244EE42D47C58D00F241A8 /* MainViewController.swift in Sources */ = {isa = PBXBuildFile; fileRef = 5E244EE32D47C58D00F241A8 /* MainViewController.swift */; };
		5E244EE92D47DACE00F241A8 /* TopProfileViewController.swift in Sources */ = {isa = PBXBuildFile; fileRef = 5E244EE82D47DACE00F241A8 /* TopProfileViewController.swift */; };
		5E244EEB2D47E53500F241A8 /* TodaysMovieView.swift in Sources */ = {isa = PBXBuildFile; fileRef = 5E244EEA2D47E53500F241A8 /* TodaysMovieView.swift */; };
		5E244EED2D4A364700F241A8 /* RecentSearchView.swift in Sources */ = {isa = PBXBuildFile; fileRef = 5E244EEC2D4A364700F241A8 /* RecentSearchView.swift */; };
		5E244EEF2D4A45C000F241A8 /* TodaysMovieCollectionViewCell.swift in Sources */ = {isa = PBXBuildFile; fileRef = 5E244EEE2D4A45C000F241A8 /* TodaysMovieCollectionViewCell.swift */; };
		5E9FFCB52D43431F00724CF5 /* AppDelegate.swift in Sources */ = {isa = PBXBuildFile; fileRef = 5E9FFCB42D43431F00724CF5 /* AppDelegate.swift */; };
		5E9FFCB72D43431F00724CF5 /* SceneDelegate.swift in Sources */ = {isa = PBXBuildFile; fileRef = 5E9FFCB62D43431F00724CF5 /* SceneDelegate.swift */; };
		5E9FFCB92D43431F00724CF5 /* ViewController.swift in Sources */ = {isa = PBXBuildFile; fileRef = 5E9FFCB82D43431F00724CF5 /* ViewController.swift */; };
		5E9FFCBC2D43431F00724CF5 /* Main.storyboard in Resources */ = {isa = PBXBuildFile; fileRef = 5E9FFCBA2D43431F00724CF5 /* Main.storyboard */; };
		5E9FFCBE2D43432200724CF5 /* Assets.xcassets in Resources */ = {isa = PBXBuildFile; fileRef = 5E9FFCBD2D43432200724CF5 /* Assets.xcassets */; };
		5E9FFCC12D43432200724CF5 /* LaunchScreen.storyboard in Resources */ = {isa = PBXBuildFile; fileRef = 5E9FFCBF2D43432200724CF5 /* LaunchScreen.storyboard */; };
		5E9FFCC92D43433A00724CF5 /* .gitignore in Resources */ = {isa = PBXBuildFile; fileRef = 5E9FFCC82D43433A00724CF5 /* .gitignore */; };
		5E9FFCCB2D44D57600724CF5 /* APIKeys.swift in Sources */ = {isa = PBXBuildFile; fileRef = 5E9FFCCA2D44D57600724CF5 /* APIKeys.swift */; };
		5E9FFCCE2D44D6AE00724CF5 /* Alamofire in Frameworks */ = {isa = PBXBuildFile; productRef = 5E9FFCCD2D44D6AE00724CF5 /* Alamofire */; };
		5E9FFCD12D44D6BA00724CF5 /* SnapKit in Frameworks */ = {isa = PBXBuildFile; productRef = 5E9FFCD02D44D6BA00724CF5 /* SnapKit */; };
		5E9FFCD42D44D6C100724CF5 /* Kingfisher in Frameworks */ = {isa = PBXBuildFile; productRef = 5E9FFCD32D44D6C100724CF5 /* Kingfisher */; };
		5E9FFCD62D44D6FB00724CF5 /* OnboardingViewController.swift in Sources */ = {isa = PBXBuildFile; fileRef = 5E9FFCD52D44D6FB00724CF5 /* OnboardingViewController.swift */; };
		5E9FFCD92D44D76500724CF5 /* BaseView.swift in Sources */ = {isa = PBXBuildFile; fileRef = 5E9FFCD82D44D76500724CF5 /* BaseView.swift */; };
		5E9FFCDC2D44D7BA00724CF5 /* OnboardingDetailView.swift in Sources */ = {isa = PBXBuildFile; fileRef = 5E9FFCDB2D44D7BA00724CF5 /* OnboardingDetailView.swift */; };
		5E9FFCDF2D44F5FD00724CF5 /* Color+.swift in Sources */ = {isa = PBXBuildFile; fileRef = 5E9FFCDE2D44F5FD00724CF5 /* Color+.swift */; };
		5E9FFCE22D44F7C500724CF5 /* ProfileNicknameViewController.swift in Sources */ = {isa = PBXBuildFile; fileRef = 5E9FFCE12D44F7C500724CF5 /* ProfileNicknameViewController.swift */; };
		5E9FFCE42D44F7D900724CF5 /* ProfileImageViewController.swift in Sources */ = {isa = PBXBuildFile; fileRef = 5E9FFCE32D44F7D900724CF5 /* ProfileImageViewController.swift */; };
		5E9FFCE82D44F86200724CF5 /* ProfileNicknameDetailView.swift in Sources */ = {isa = PBXBuildFile; fileRef = 5E9FFCE72D44F86100724CF5 /* ProfileNicknameDetailView.swift */; };
		5E9FFCEA2D45216800724CF5 /* ProfileImageDetailView.swift in Sources */ = {isa = PBXBuildFile; fileRef = 5E9FFCE92D45216800724CF5 /* ProfileImageDetailView.swift */; };
		5E9FFCEC2D45269900724CF5 /* ProfileImageCollectionViewCell.swift in Sources */ = {isa = PBXBuildFile; fileRef = 5E9FFCEB2D45269900724CF5 /* ProfileImageCollectionViewCell.swift */; };
		5E9FFCEE2D45271600724CF5 /* BaseCollectionViewCell.swift in Sources */ = {isa = PBXBuildFile; fileRef = 5E9FFCED2D45271600724CF5 /* BaseCollectionViewCell.swift */; };
/* End PBXBuildFile section */

/* Begin PBXFileReference section */
		5E244EE12D47C52800F241A8 /* TabBarViewController.swift */ = {isa = PBXFileReference; lastKnownFileType = sourcecode.swift; path = TabBarViewController.swift; sourceTree = "<group>"; };
		5E244EE32D47C58D00F241A8 /* MainViewController.swift */ = {isa = PBXFileReference; lastKnownFileType = sourcecode.swift; path = MainViewController.swift; sourceTree = "<group>"; };
		5E244EE82D47DACE00F241A8 /* TopProfileViewController.swift */ = {isa = PBXFileReference; lastKnownFileType = sourcecode.swift; path = TopProfileViewController.swift; sourceTree = "<group>"; };
		5E244EEA2D47E53500F241A8 /* TodaysMovieView.swift */ = {isa = PBXFileReference; lastKnownFileType = sourcecode.swift; path = TodaysMovieView.swift; sourceTree = "<group>"; };
		5E244EEC2D4A364700F241A8 /* RecentSearchView.swift */ = {isa = PBXFileReference; lastKnownFileType = sourcecode.swift; path = RecentSearchView.swift; sourceTree = "<group>"; };
		5E244EEE2D4A45C000F241A8 /* TodaysMovieCollectionViewCell.swift */ = {isa = PBXFileReference; lastKnownFileType = sourcecode.swift; path = TodaysMovieCollectionViewCell.swift; sourceTree = "<group>"; };
		5E9FFCB12D43431F00724CF5 /* TMDBPedia.app */ = {isa = PBXFileReference; explicitFileType = wrapper.application; includeInIndex = 0; path = TMDBPedia.app; sourceTree = BUILT_PRODUCTS_DIR; };
		5E9FFCB42D43431F00724CF5 /* AppDelegate.swift */ = {isa = PBXFileReference; lastKnownFileType = sourcecode.swift; path = AppDelegate.swift; sourceTree = "<group>"; };
		5E9FFCB62D43431F00724CF5 /* SceneDelegate.swift */ = {isa = PBXFileReference; lastKnownFileType = sourcecode.swift; path = SceneDelegate.swift; sourceTree = "<group>"; };
		5E9FFCB82D43431F00724CF5 /* ViewController.swift */ = {isa = PBXFileReference; lastKnownFileType = sourcecode.swift; path = ViewController.swift; sourceTree = "<group>"; };
		5E9FFCBB2D43431F00724CF5 /* Base */ = {isa = PBXFileReference; lastKnownFileType = file.storyboard; name = Base; path = Base.lproj/Main.storyboard; sourceTree = "<group>"; };
		5E9FFCBD2D43432200724CF5 /* Assets.xcassets */ = {isa = PBXFileReference; lastKnownFileType = folder.assetcatalog; path = Assets.xcassets; sourceTree = "<group>"; };
		5E9FFCC02D43432200724CF5 /* Base */ = {isa = PBXFileReference; lastKnownFileType = file.storyboard; name = Base; path = Base.lproj/LaunchScreen.storyboard; sourceTree = "<group>"; };
		5E9FFCC22D43432200724CF5 /* Info.plist */ = {isa = PBXFileReference; lastKnownFileType = text.plist.xml; path = Info.plist; sourceTree = "<group>"; };
		5E9FFCC82D43433A00724CF5 /* .gitignore */ = {isa = PBXFileReference; lastKnownFileType = text; path = .gitignore; sourceTree = "<group>"; };
		5E9FFCCA2D44D57600724CF5 /* APIKeys.swift */ = {isa = PBXFileReference; lastKnownFileType = sourcecode.swift; path = APIKeys.swift; sourceTree = "<group>"; };
		5E9FFCD52D44D6FB00724CF5 /* OnboardingViewController.swift */ = {isa = PBXFileReference; lastKnownFileType = sourcecode.swift; path = OnboardingViewController.swift; sourceTree = "<group>"; };
		5E9FFCD82D44D76500724CF5 /* BaseView.swift */ = {isa = PBXFileReference; lastKnownFileType = sourcecode.swift; path = BaseView.swift; sourceTree = "<group>"; };
		5E9FFCDB2D44D7BA00724CF5 /* OnboardingDetailView.swift */ = {isa = PBXFileReference; lastKnownFileType = sourcecode.swift; path = OnboardingDetailView.swift; sourceTree = "<group>"; };
		5E9FFCDE2D44F5FD00724CF5 /* Color+.swift */ = {isa = PBXFileReference; lastKnownFileType = sourcecode.swift; path = "Color+.swift"; sourceTree = "<group>"; };
		5E9FFCE12D44F7C500724CF5 /* ProfileNicknameViewController.swift */ = {isa = PBXFileReference; lastKnownFileType = sourcecode.swift; path = ProfileNicknameViewController.swift; sourceTree = "<group>"; };
		5E9FFCE32D44F7D900724CF5 /* ProfileImageViewController.swift */ = {isa = PBXFileReference; lastKnownFileType = sourcecode.swift; path = ProfileImageViewController.swift; sourceTree = "<group>"; };
		5E9FFCE72D44F86100724CF5 /* ProfileNicknameDetailView.swift */ = {isa = PBXFileReference; lastKnownFileType = sourcecode.swift; path = ProfileNicknameDetailView.swift; sourceTree = "<group>"; };
		5E9FFCE92D45216800724CF5 /* ProfileImageDetailView.swift */ = {isa = PBXFileReference; lastKnownFileType = sourcecode.swift; path = ProfileImageDetailView.swift; sourceTree = "<group>"; };
		5E9FFCEB2D45269900724CF5 /* ProfileImageCollectionViewCell.swift */ = {isa = PBXFileReference; lastKnownFileType = sourcecode.swift; path = ProfileImageCollectionViewCell.swift; sourceTree = "<group>"; };
		5E9FFCED2D45271600724CF5 /* BaseCollectionViewCell.swift */ = {isa = PBXFileReference; lastKnownFileType = sourcecode.swift; path = BaseCollectionViewCell.swift; sourceTree = "<group>"; };
/* End PBXFileReference section */

/* Begin PBXFrameworksBuildPhase section */
		5E9FFCAE2D43431F00724CF5 /* Frameworks */ = {
			isa = PBXFrameworksBuildPhase;
			buildActionMask = 2147483647;
			files = (
				5E9FFCD42D44D6C100724CF5 /* Kingfisher in Frameworks */,
				5E9FFCCE2D44D6AE00724CF5 /* Alamofire in Frameworks */,
				5E9FFCD12D44D6BA00724CF5 /* SnapKit in Frameworks */,
			);
			runOnlyForDeploymentPostprocessing = 0;
		};
/* End PBXFrameworksBuildPhase section */

/* Begin PBXGroup section */
		5E244EDF2D47971800F241A8 /* Main */ = {
			isa = PBXGroup;
			children = (
				5E244EE52D47C71500F241A8 /* TopProfileView */,
				5E244EE62D47C74200F241A8 /* RecentSearchView */,
				5E244EE72D47C77400F241A8 /* TodaysMovieView */,
				5E244EE32D47C58D00F241A8 /* MainViewController.swift */,
			);
			path = Main;
			sourceTree = "<group>";
		};
		5E244EE02D47C4F300F241A8 /* TabBar */ = {
			isa = PBXGroup;
			children = (
				5E244EE12D47C52800F241A8 /* TabBarViewController.swift */,
			);
			path = TabBar;
			sourceTree = "<group>";
		};
		5E244EE52D47C71500F241A8 /* TopProfileView */ = {
			isa = PBXGroup;
			children = (
				5E244EE82D47DACE00F241A8 /* TopProfileViewController.swift */,
			);
			path = TopProfileView;
			sourceTree = "<group>";
		};
		5E244EE62D47C74200F241A8 /* RecentSearchView */ = {
			isa = PBXGroup;
			children = (
				5E244EEC2D4A364700F241A8 /* RecentSearchView.swift */,
			);
			path = RecentSearchView;
			sourceTree = "<group>";
		};
		5E244EE72D47C77400F241A8 /* TodaysMovieView */ = {
			isa = PBXGroup;
			children = (
				5E244EEA2D47E53500F241A8 /* TodaysMovieView.swift */,
				5E244EEE2D4A45C000F241A8 /* TodaysMovieCollectionViewCell.swift */,
			);
			path = TodaysMovieView;
			sourceTree = "<group>";
		};
		5E9FFCA82D43431F00724CF5 = {
			isa = PBXGroup;
			children = (
				5E9FFCC82D43433A00724CF5 /* .gitignore */,
				5E9FFCB32D43431F00724CF5 /* TMDBPedia */,
				5E9FFCB22D43431F00724CF5 /* Products */,
			);
			sourceTree = "<group>";
		};
		5E9FFCB22D43431F00724CF5 /* Products */ = {
			isa = PBXGroup;
			children = (
				5E9FFCB12D43431F00724CF5 /* TMDBPedia.app */,
			);
			name = Products;
			sourceTree = "<group>";
		};
		5E9FFCB32D43431F00724CF5 /* TMDBPedia */ = {
			isa = PBXGroup;
			children = (
				5E244EE02D47C4F300F241A8 /* TabBar */,
				5E244EDF2D47971800F241A8 /* Main */,
				5E9FFCDA2D44D79200724CF5 /* OnBoarding */,
				5E9FFCE02D44F7A300724CF5 /* Profile */,
				5E9FFCDD2D44F5EC00724CF5 /* Extension */,
				5E9FFCD72D44D74F00724CF5 /* BaseView */,
				5E9FFCB42D43431F00724CF5 /* AppDelegate.swift */,
				5E9FFCB62D43431F00724CF5 /* SceneDelegate.swift */,
				5E9FFCB82D43431F00724CF5 /* ViewController.swift */,
				5E9FFCBA2D43431F00724CF5 /* Main.storyboard */,
				5E9FFCBD2D43432200724CF5 /* Assets.xcassets */,
				5E9FFCBF2D43432200724CF5 /* LaunchScreen.storyboard */,
				5E9FFCC22D43432200724CF5 /* Info.plist */,
				5E9FFCCA2D44D57600724CF5 /* APIKeys.swift */,
			);
			path = TMDBPedia;
			sourceTree = "<group>";
		};
		5E9FFCD72D44D74F00724CF5 /* BaseView */ = {
			isa = PBXGroup;
			children = (
				5E9FFCD82D44D76500724CF5 /* BaseView.swift */,
				5E9FFCED2D45271600724CF5 /* BaseCollectionViewCell.swift */,
			);
			path = BaseView;
			sourceTree = "<group>";
		};
		5E9FFCDA2D44D79200724CF5 /* OnBoarding */ = {
			isa = PBXGroup;
			children = (
				5E9FFCD52D44D6FB00724CF5 /* OnboardingViewController.swift */,
				5E9FFCDB2D44D7BA00724CF5 /* OnboardingDetailView.swift */,
			);
			path = OnBoarding;
			sourceTree = "<group>";
		};
		5E9FFCDD2D44F5EC00724CF5 /* Extension */ = {
			isa = PBXGroup;
			children = (
				5E9FFCDE2D44F5FD00724CF5 /* Color+.swift */,
			);
			path = Extension;
			sourceTree = "<group>";
		};
		5E9FFCE02D44F7A300724CF5 /* Profile */ = {
			isa = PBXGroup;
			children = (
				5E9FFCE52D44F82200724CF5 /* ProfileNickname */,
				5E9FFCE62D44F83A00724CF5 /* ProfileImage */,
			);
			path = Profile;
			sourceTree = "<group>";
		};
		5E9FFCE52D44F82200724CF5 /* ProfileNickname */ = {
			isa = PBXGroup;
			children = (
				5E9FFCE12D44F7C500724CF5 /* ProfileNicknameViewController.swift */,
				5E9FFCE72D44F86100724CF5 /* ProfileNicknameDetailView.swift */,
			);
			path = ProfileNickname;
			sourceTree = "<group>";
		};
		5E9FFCE62D44F83A00724CF5 /* ProfileImage */ = {
			isa = PBXGroup;
			children = (
				5E9FFCE32D44F7D900724CF5 /* ProfileImageViewController.swift */,
				5E9FFCE92D45216800724CF5 /* ProfileImageDetailView.swift */,
				5E9FFCEB2D45269900724CF5 /* ProfileImageCollectionViewCell.swift */,
			);
			path = ProfileImage;
			sourceTree = "<group>";
		};
/* End PBXGroup section */

/* Begin PBXNativeTarget section */
		5E9FFCB02D43431F00724CF5 /* TMDBPedia */ = {
			isa = PBXNativeTarget;
			buildConfigurationList = 5E9FFCC52D43432200724CF5 /* Build configuration list for PBXNativeTarget "TMDBPedia" */;
			buildPhases = (
				5E9FFCAD2D43431F00724CF5 /* Sources */,
				5E9FFCAE2D43431F00724CF5 /* Frameworks */,
				5E9FFCAF2D43431F00724CF5 /* Resources */,
			);
			buildRules = (
			);
			dependencies = (
			);
			name = TMDBPedia;
			packageProductDependencies = (
				5E9FFCCD2D44D6AE00724CF5 /* Alamofire */,
				5E9FFCD02D44D6BA00724CF5 /* SnapKit */,
				5E9FFCD32D44D6C100724CF5 /* Kingfisher */,
			);
			productName = TMDBPedia;
			productReference = 5E9FFCB12D43431F00724CF5 /* TMDBPedia.app */;
			productType = "com.apple.product-type.application";
		};
/* End PBXNativeTarget section */

/* Begin PBXProject section */
		5E9FFCA92D43431F00724CF5 /* Project object */ = {
			isa = PBXProject;
			attributes = {
				BuildIndependentTargetsInParallel = 1;
				LastSwiftUpdateCheck = 1520;
				LastUpgradeCheck = 1520;
				TargetAttributes = {
					5E9FFCB02D43431F00724CF5 = {
						CreatedOnToolsVersion = 15.2;
					};
				};
			};
			buildConfigurationList = 5E9FFCAC2D43431F00724CF5 /* Build configuration list for PBXProject "TMDBPedia" */;
			compatibilityVersion = "Xcode 14.0";
			developmentRegion = en;
			hasScannedForEncodings = 0;
			knownRegions = (
				en,
				Base,
			);
			mainGroup = 5E9FFCA82D43431F00724CF5;
			packageReferences = (
				5E9FFCCC2D44D6AE00724CF5 /* XCRemoteSwiftPackageReference "Alamofire" */,
				5E9FFCCF2D44D6BA00724CF5 /* XCRemoteSwiftPackageReference "SnapKit" */,
				5E9FFCD22D44D6C100724CF5 /* XCRemoteSwiftPackageReference "Kingfisher" */,
			);
			productRefGroup = 5E9FFCB22D43431F00724CF5 /* Products */;
			projectDirPath = "";
			projectRoot = "";
			targets = (
				5E9FFCB02D43431F00724CF5 /* TMDBPedia */,
			);
		};
/* End PBXProject section */

/* Begin PBXResourcesBuildPhase section */
		5E9FFCAF2D43431F00724CF5 /* Resources */ = {
			isa = PBXResourcesBuildPhase;
			buildActionMask = 2147483647;
			files = (
				5E9FFCC92D43433A00724CF5 /* .gitignore in Resources */,
				5E9FFCC12D43432200724CF5 /* LaunchScreen.storyboard in Resources */,
				5E9FFCBE2D43432200724CF5 /* Assets.xcassets in Resources */,
				5E9FFCBC2D43431F00724CF5 /* Main.storyboard in Resources */,
			);
			runOnlyForDeploymentPostprocessing = 0;
		};
/* End PBXResourcesBuildPhase section */

/* Begin PBXSourcesBuildPhase section */
		5E9FFCAD2D43431F00724CF5 /* Sources */ = {
			isa = PBXSourcesBuildPhase;
			buildActionMask = 2147483647;
			files = (
				5E9FFCB92D43431F00724CF5 /* ViewController.swift in Sources */,
				5E9FFCDF2D44F5FD00724CF5 /* Color+.swift in Sources */,
				5E9FFCE42D44F7D900724CF5 /* ProfileImageViewController.swift in Sources */,
				5E9FFCE22D44F7C500724CF5 /* ProfileNicknameViewController.swift in Sources */,
				5E9FFCEE2D45271600724CF5 /* BaseCollectionViewCell.swift in Sources */,
				5E244EEF2D4A45C000F241A8 /* TodaysMovieCollectionViewCell.swift in Sources */,
				5E244EEB2D47E53500F241A8 /* TodaysMovieView.swift in Sources */,
				5E9FFCDC2D44D7BA00724CF5 /* OnboardingDetailView.swift in Sources */,
				5E9FFCEA2D45216800724CF5 /* ProfileImageDetailView.swift in Sources */,
				5E244EE42D47C58D00F241A8 /* MainViewController.swift in Sources */,
				5E9FFCB52D43431F00724CF5 /* AppDelegate.swift in Sources */,
				5E9FFCD62D44D6FB00724CF5 /* OnboardingViewController.swift in Sources */,
				5E9FFCD92D44D76500724CF5 /* BaseView.swift in Sources */,
				5E9FFCEC2D45269900724CF5 /* ProfileImageCollectionViewCell.swift in Sources */,
				5E244EED2D4A364700F241A8 /* RecentSearchView.swift in Sources */,
				5E9FFCCB2D44D57600724CF5 /* APIKeys.swift in Sources */,
				5E9FFCE82D44F86200724CF5 /* ProfileNicknameDetailView.swift in Sources */,
				5E244EE92D47DACE00F241A8 /* TopProfileViewController.swift in Sources */,
				5E244EE22D47C52800F241A8 /* TabBarViewController.swift in Sources */,
				5E9FFCB72D43431F00724CF5 /* SceneDelegate.swift in Sources */,
			);
			runOnlyForDeploymentPostprocessing = 0;
		};
/* End PBXSourcesBuildPhase section */

/* Begin PBXVariantGroup section */
		5E9FFCBA2D43431F00724CF5 /* Main.storyboard */ = {
			isa = PBXVariantGroup;
			children = (
				5E9FFCBB2D43431F00724CF5 /* Base */,
			);
			name = Main.storyboard;
			sourceTree = "<group>";
		};
		5E9FFCBF2D43432200724CF5 /* LaunchScreen.storyboard */ = {
			isa = PBXVariantGroup;
			children = (
				5E9FFCC02D43432200724CF5 /* Base */,
			);
			name = LaunchScreen.storyboard;
			sourceTree = "<group>";
		};
/* End PBXVariantGroup section */

/* Begin XCBuildConfiguration section */
		5E9FFCC32D43432200724CF5 /* Debug */ = {
			isa = XCBuildConfiguration;
			buildSettings = {
				ALWAYS_SEARCH_USER_PATHS = NO;
				ASSETCATALOG_COMPILER_GENERATE_SWIFT_ASSET_SYMBOL_EXTENSIONS = YES;
				CLANG_ANALYZER_NONNULL = YES;
				CLANG_ANALYZER_NUMBER_OBJECT_CONVERSION = YES_AGGRESSIVE;
				CLANG_CXX_LANGUAGE_STANDARD = "gnu++20";
				CLANG_ENABLE_MODULES = YES;
				CLANG_ENABLE_OBJC_ARC = YES;
				CLANG_ENABLE_OBJC_WEAK = YES;
				CLANG_WARN_BLOCK_CAPTURE_AUTORELEASING = YES;
				CLANG_WARN_BOOL_CONVERSION = YES;
				CLANG_WARN_COMMA = YES;
				CLANG_WARN_CONSTANT_CONVERSION = YES;
				CLANG_WARN_DEPRECATED_OBJC_IMPLEMENTATIONS = YES;
				CLANG_WARN_DIRECT_OBJC_ISA_USAGE = YES_ERROR;
				CLANG_WARN_DOCUMENTATION_COMMENTS = YES;
				CLANG_WARN_EMPTY_BODY = YES;
				CLANG_WARN_ENUM_CONVERSION = YES;
				CLANG_WARN_INFINITE_RECURSION = YES;
				CLANG_WARN_INT_CONVERSION = YES;
				CLANG_WARN_NON_LITERAL_NULL_CONVERSION = YES;
				CLANG_WARN_OBJC_IMPLICIT_RETAIN_SELF = YES;
				CLANG_WARN_OBJC_LITERAL_CONVERSION = YES;
				CLANG_WARN_OBJC_ROOT_CLASS = YES_ERROR;
				CLANG_WARN_QUOTED_INCLUDE_IN_FRAMEWORK_HEADER = YES;
				CLANG_WARN_RANGE_LOOP_ANALYSIS = YES;
				CLANG_WARN_STRICT_PROTOTYPES = YES;
				CLANG_WARN_SUSPICIOUS_MOVE = YES;
				CLANG_WARN_UNGUARDED_AVAILABILITY = YES_AGGRESSIVE;
				CLANG_WARN_UNREACHABLE_CODE = YES;
				CLANG_WARN__DUPLICATE_METHOD_MATCH = YES;
				COPY_PHASE_STRIP = NO;
				DEBUG_INFORMATION_FORMAT = dwarf;
				ENABLE_STRICT_OBJC_MSGSEND = YES;
				ENABLE_TESTABILITY = YES;
				ENABLE_USER_SCRIPT_SANDBOXING = YES;
				GCC_C_LANGUAGE_STANDARD = gnu17;
				GCC_DYNAMIC_NO_PIC = NO;
				GCC_NO_COMMON_BLOCKS = YES;
				GCC_OPTIMIZATION_LEVEL = 0;
				GCC_PREPROCESSOR_DEFINITIONS = (
					"DEBUG=1",
					"$(inherited)",
				);
				GCC_WARN_64_TO_32_BIT_CONVERSION = YES;
				GCC_WARN_ABOUT_RETURN_TYPE = YES_ERROR;
				GCC_WARN_UNDECLARED_SELECTOR = YES;
				GCC_WARN_UNINITIALIZED_AUTOS = YES_AGGRESSIVE;
				GCC_WARN_UNUSED_FUNCTION = YES;
				GCC_WARN_UNUSED_VARIABLE = YES;
				IPHONEOS_DEPLOYMENT_TARGET = 17.2;
				LOCALIZATION_PREFERS_STRING_CATALOGS = YES;
				MTL_ENABLE_DEBUG_INFO = INCLUDE_SOURCE;
				MTL_FAST_MATH = YES;
				ONLY_ACTIVE_ARCH = YES;
				SDKROOT = iphoneos;
				SWIFT_ACTIVE_COMPILATION_CONDITIONS = "DEBUG $(inherited)";
				SWIFT_OPTIMIZATION_LEVEL = "-Onone";
			};
			name = Debug;
		};
		5E9FFCC42D43432200724CF5 /* Release */ = {
			isa = XCBuildConfiguration;
			buildSettings = {
				ALWAYS_SEARCH_USER_PATHS = NO;
				ASSETCATALOG_COMPILER_GENERATE_SWIFT_ASSET_SYMBOL_EXTENSIONS = YES;
				CLANG_ANALYZER_NONNULL = YES;
				CLANG_ANALYZER_NUMBER_OBJECT_CONVERSION = YES_AGGRESSIVE;
				CLANG_CXX_LANGUAGE_STANDARD = "gnu++20";
				CLANG_ENABLE_MODULES = YES;
				CLANG_ENABLE_OBJC_ARC = YES;
				CLANG_ENABLE_OBJC_WEAK = YES;
				CLANG_WARN_BLOCK_CAPTURE_AUTORELEASING = YES;
				CLANG_WARN_BOOL_CONVERSION = YES;
				CLANG_WARN_COMMA = YES;
				CLANG_WARN_CONSTANT_CONVERSION = YES;
				CLANG_WARN_DEPRECATED_OBJC_IMPLEMENTATIONS = YES;
				CLANG_WARN_DIRECT_OBJC_ISA_USAGE = YES_ERROR;
				CLANG_WARN_DOCUMENTATION_COMMENTS = YES;
				CLANG_WARN_EMPTY_BODY = YES;
				CLANG_WARN_ENUM_CONVERSION = YES;
				CLANG_WARN_INFINITE_RECURSION = YES;
				CLANG_WARN_INT_CONVERSION = YES;
				CLANG_WARN_NON_LITERAL_NULL_CONVERSION = YES;
				CLANG_WARN_OBJC_IMPLICIT_RETAIN_SELF = YES;
				CLANG_WARN_OBJC_LITERAL_CONVERSION = YES;
				CLANG_WARN_OBJC_ROOT_CLASS = YES_ERROR;
				CLANG_WARN_QUOTED_INCLUDE_IN_FRAMEWORK_HEADER = YES;
				CLANG_WARN_RANGE_LOOP_ANALYSIS = YES;
				CLANG_WARN_STRICT_PROTOTYPES = YES;
				CLANG_WARN_SUSPICIOUS_MOVE = YES;
				CLANG_WARN_UNGUARDED_AVAILABILITY = YES_AGGRESSIVE;
				CLANG_WARN_UNREACHABLE_CODE = YES;
				CLANG_WARN__DUPLICATE_METHOD_MATCH = YES;
				COPY_PHASE_STRIP = NO;
				DEBUG_INFORMATION_FORMAT = "dwarf-with-dsym";
				ENABLE_NS_ASSERTIONS = NO;
				ENABLE_STRICT_OBJC_MSGSEND = YES;
				ENABLE_USER_SCRIPT_SANDBOXING = YES;
				GCC_C_LANGUAGE_STANDARD = gnu17;
				GCC_NO_COMMON_BLOCKS = YES;
				GCC_WARN_64_TO_32_BIT_CONVERSION = YES;
				GCC_WARN_ABOUT_RETURN_TYPE = YES_ERROR;
				GCC_WARN_UNDECLARED_SELECTOR = YES;
				GCC_WARN_UNINITIALIZED_AUTOS = YES_AGGRESSIVE;
				GCC_WARN_UNUSED_FUNCTION = YES;
				GCC_WARN_UNUSED_VARIABLE = YES;
				IPHONEOS_DEPLOYMENT_TARGET = 17.2;
				LOCALIZATION_PREFERS_STRING_CATALOGS = YES;
				MTL_ENABLE_DEBUG_INFO = NO;
				MTL_FAST_MATH = YES;
				SDKROOT = iphoneos;
				SWIFT_COMPILATION_MODE = wholemodule;
				VALIDATE_PRODUCT = YES;
			};
			name = Release;
		};
		5E9FFCC62D43432200724CF5 /* Debug */ = {
			isa = XCBuildConfiguration;
			buildSettings = {
				ASSETCATALOG_COMPILER_APPICON_NAME = AppIcon;
				ASSETCATALOG_COMPILER_GLOBAL_ACCENT_COLOR_NAME = AccentColor;
				CODE_SIGN_STYLE = Automatic;
				CURRENT_PROJECT_VERSION = 1;
				DEVELOPMENT_TEAM = 7P497U47NW;
				GENERATE_INFOPLIST_FILE = YES;
				INFOPLIST_FILE = TMDBPedia/Info.plist;
				INFOPLIST_KEY_UIApplicationSupportsIndirectInputEvents = YES;
				INFOPLIST_KEY_UILaunchStoryboardName = LaunchScreen;
				INFOPLIST_KEY_UIMainStoryboardFile = Main;
				INFOPLIST_KEY_UISupportedInterfaceOrientations = UIInterfaceOrientationPortrait;
				INFOPLIST_KEY_UISupportedInterfaceOrientations_iPad = "UIInterfaceOrientationLandscapeLeft UIInterfaceOrientationLandscapeRight UIInterfaceOrientationPortrait UIInterfaceOrientationPortraitUpsideDown";
				IPHONEOS_DEPLOYMENT_TARGET = 16.0;
				LD_RUNPATH_SEARCH_PATHS = (
					"$(inherited)",
					"@executable_path/Frameworks",
				);
				MARKETING_VERSION = 1.0;
				PRODUCT_BUNDLE_IDENTIFIER = com.hoon.TMDBPedia;
				PRODUCT_NAME = "$(TARGET_NAME)";
				SUPPORTED_PLATFORMS = "iphoneos iphonesimulator";
				SUPPORTS_MACCATALYST = NO;
				SUPPORTS_MAC_DESIGNED_FOR_IPHONE_IPAD = NO;
				SUPPORTS_XR_DESIGNED_FOR_IPHONE_IPAD = NO;
				SWIFT_EMIT_LOC_STRINGS = YES;
				SWIFT_VERSION = 5.0;
				TARGETED_DEVICE_FAMILY = 1;
			};
			name = Debug;
		};
		5E9FFCC72D43432200724CF5 /* Release */ = {
			isa = XCBuildConfiguration;
			buildSettings = {
				ASSETCATALOG_COMPILER_APPICON_NAME = AppIcon;
				ASSETCATALOG_COMPILER_GLOBAL_ACCENT_COLOR_NAME = AccentColor;
				CODE_SIGN_STYLE = Automatic;
				CURRENT_PROJECT_VERSION = 1;
				DEVELOPMENT_TEAM = 7P497U47NW;
				GENERATE_INFOPLIST_FILE = YES;
				INFOPLIST_FILE = TMDBPedia/Info.plist;
				INFOPLIST_KEY_UIApplicationSupportsIndirectInputEvents = YES;
				INFOPLIST_KEY_UILaunchStoryboardName = LaunchScreen;
				INFOPLIST_KEY_UIMainStoryboardFile = Main;
				INFOPLIST_KEY_UISupportedInterfaceOrientations = UIInterfaceOrientationPortrait;
				INFOPLIST_KEY_UISupportedInterfaceOrientations_iPad = "UIInterfaceOrientationLandscapeLeft UIInterfaceOrientationLandscapeRight UIInterfaceOrientationPortrait UIInterfaceOrientationPortraitUpsideDown";
				IPHONEOS_DEPLOYMENT_TARGET = 16.0;
				LD_RUNPATH_SEARCH_PATHS = (
					"$(inherited)",
					"@executable_path/Frameworks",
				);
				MARKETING_VERSION = 1.0;
				PRODUCT_BUNDLE_IDENTIFIER = com.hoon.TMDBPedia;
				PRODUCT_NAME = "$(TARGET_NAME)";
				SUPPORTED_PLATFORMS = "iphoneos iphonesimulator";
				SUPPORTS_MACCATALYST = NO;
				SUPPORTS_MAC_DESIGNED_FOR_IPHONE_IPAD = NO;
				SUPPORTS_XR_DESIGNED_FOR_IPHONE_IPAD = NO;
				SWIFT_EMIT_LOC_STRINGS = YES;
				SWIFT_VERSION = 5.0;
				TARGETED_DEVICE_FAMILY = 1;
			};
			name = Release;
		};
/* End XCBuildConfiguration section */

/* Begin XCConfigurationList section */
		5E9FFCAC2D43431F00724CF5 /* Build configuration list for PBXProject "TMDBPedia" */ = {
			isa = XCConfigurationList;
			buildConfigurations = (
				5E9FFCC32D43432200724CF5 /* Debug */,
				5E9FFCC42D43432200724CF5 /* Release */,
			);
			defaultConfigurationIsVisible = 0;
			defaultConfigurationName = Release;
		};
		5E9FFCC52D43432200724CF5 /* Build configuration list for PBXNativeTarget "TMDBPedia" */ = {
			isa = XCConfigurationList;
			buildConfigurations = (
				5E9FFCC62D43432200724CF5 /* Debug */,
				5E9FFCC72D43432200724CF5 /* Release */,
			);
			defaultConfigurationIsVisible = 0;
			defaultConfigurationName = Release;
		};
/* End XCConfigurationList section */

/* Begin XCRemoteSwiftPackageReference section */
		5E9FFCCC2D44D6AE00724CF5 /* XCRemoteSwiftPackageReference "Alamofire" */ = {
			isa = XCRemoteSwiftPackageReference;
			repositoryURL = "https://github.com/Alamofire/Alamofire";
			requirement = {
				kind = upToNextMajorVersion;
				minimumVersion = 5.10.2;
			};
		};
		5E9FFCCF2D44D6BA00724CF5 /* XCRemoteSwiftPackageReference "SnapKit" */ = {
			isa = XCRemoteSwiftPackageReference;
			repositoryURL = "https://github.com/SnapKit/SnapKit";
			requirement = {
				kind = upToNextMajorVersion;
				minimumVersion = 5.7.1;
			};
		};
		5E9FFCD22D44D6C100724CF5 /* XCRemoteSwiftPackageReference "Kingfisher" */ = {
			isa = XCRemoteSwiftPackageReference;
			repositoryURL = "https://github.com/onevcat/Kingfisher";
			requirement = {
				kind = upToNextMajorVersion;
				minimumVersion = 8.1.3;
			};
		};
/* End XCRemoteSwiftPackageReference section */

/* Begin XCSwiftPackageProductDependency section */
		5E9FFCCD2D44D6AE00724CF5 /* Alamofire */ = {
			isa = XCSwiftPackageProductDependency;
			package = 5E9FFCCC2D44D6AE00724CF5 /* XCRemoteSwiftPackageReference "Alamofire" */;
			productName = Alamofire;
		};
		5E9FFCD02D44D6BA00724CF5 /* SnapKit */ = {
			isa = XCSwiftPackageProductDependency;
			package = 5E9FFCCF2D44D6BA00724CF5 /* XCRemoteSwiftPackageReference "SnapKit" */;
			productName = SnapKit;
		};
		5E9FFCD32D44D6C100724CF5 /* Kingfisher */ = {
			isa = XCSwiftPackageProductDependency;
			package = 5E9FFCD22D44D6C100724CF5 /* XCRemoteSwiftPackageReference "Kingfisher" */;
			productName = Kingfisher;
		};
/* End XCSwiftPackageProductDependency section */
	};
	rootObject = 5E9FFCA92D43431F00724CF5 /* Project object */;
}
